
Microsoft Visual Studio Solution File, Format Version 12.00
# Visual Studio Version 17
VisualStudioVersion = 17.14.36518.9
MinimumVisualStudioVersion = 10.0.40219.1
Project("{8BC9CEB8-8B4A-11D0-8D11-00A0C91BC942}") = "01_IntroToCPlusPlus", "01_IntroToCPlusPlus\01_IntroToCPlusPlus.vcxproj", "{4B15926C-455F-48A1-B150-4D2C363B66B2}"
EndProject
Project("{8BC9CEB8-8B4A-11D0-8D11-00A0C91BC942}") = "02_DataTypes", "02_DataTypes\02_DataTypes.vcxproj", "{C9959205-F2AF-4568-B55F-F8E4467696CD}"
EndProject
Project("{8BC9CEB8-8B4A-11D0-8D11-00A0C91BC942}") = "03_Operators", "02_Operators\02_Operators.vcxproj", "{CED92141-F54F-4EA2-BC3B-52580CA2F9A0}"
EndProject
Project("{8BC9CEB8-8B4A-11D0-8D11-00A0C91BC942}") = "04_EnumCycles", "04_EnumCycles\04_EnumCycles.vcxproj", "{9D7087CF-0C7A-4E56-AB83-5100949165EF}"
EndProject
Project("{8BC9CEB8-8B4A-11D0-8D11-00A0C91BC942}") = "05_IncludeCycles", "05_IncludeCycles\05_IncludeCycles.vcxproj", "{E23EB3FF-5955-4115-8363-8FB6AF47B84C}"
EndProject
Project("{8BC9CEB8-8B4A-11D0-8D11-00A0C91BC942}") = "06_Array", "06_Array\06_Array.vcxproj", "{F27014DF-483F-4678-926D-6962FA565DE6}"
EndProject
Project("{8BC9CEB8-8B4A-11D0-8D11-00A0C91BC942}") = "07_TwoDementionArray", "07_TwoDementionArray\07_TwoDementionArray.vcxproj", "{461D6CE0-028E-4EB4-9DE2-89D4B7BA3210}"
EndProject
Project("{8BC9CEB8-8B4A-11D0-8D11-00A0C91BC942}") = "08_Function", "08_Function\08_Function.vcxproj", "{AD018DC8-D767-467B-865A-6B72792CB357}"
EndProject
Project("{8BC9CEB8-8B4A-11D0-8D11-00A0C91BC942}") = "09_TemplateFunction", "09_TemplateFunction\09_TemplateFunction.vcxproj", "{925D4B7A-58B3-4E30-9237-24C27F45E720}"
EndProject
Project("{8BC9CEB8-8B4A-11D0-8D11-00A0C91BC942}") = "10_LinearSearchSort", "10_LinearSearchSort\10_LinearSearchSort.vcxproj", "{62266008-0CE4-4273-AB2F-AE103F3D1AC6}"
EndProject
Project("{8BC9CEB8-8B4A-11D0-8D11-00A0C91BC942}") = "11_Recursion_QuickSort", "11_Recursion_QuickSort\11_Recursion_QuickSort.vcxproj", "{D663C3C0-9A2E-4EC7-AF62-16CB13BBF373}"
EndProject
Project("{8BC9CEB8-8B4A-11D0-8D11-00A0C91BC942}") = "12_Pointers", "12_Pointers\12_Pointers.vcxproj", "{AC8C2695-03D2-40B2-98AF-2DA2FACF6652}"
EndProject
Project("{8BC9CEB8-8B4A-11D0-8D11-00A0C91BC942}") = "13_Links_DynamicMemory", "13_Links_DynamicMemory\13_Links_DynamicMemory.vcxproj", "{291D7E0A-235F-49CC-B3D2-E155DA66725C}"
EndProject
Global
	GlobalSection(SolutionConfigurationPlatforms) = preSolution
		Debug|x64 = Debug|x64
		Debug|x86 = Debug|x86
		Release|x64 = Release|x64
		Release|x86 = Release|x86
	EndGlobalSection
	GlobalSection(ProjectConfigurationPlatforms) = postSolution
		{4B15926C-455F-48A1-B150-4D2C363B66B2}.Debug|x64.ActiveCfg = Debug|x64
		{4B15926C-455F-48A1-B150-4D2C363B66B2}.Debug|x64.Build.0 = Debug|x64
		{4B15926C-455F-48A1-B150-4D2C363B66B2}.Debug|x86.ActiveCfg = Debug|Win32
		{4B15926C-455F-48A1-B150-4D2C363B66B2}.Debug|x86.Build.0 = Debug|Win32
		{4B15926C-455F-48A1-B150-4D2C363B66B2}.Release|x64.ActiveCfg = Release|x64
		{4B15926C-455F-48A1-B150-4D2C363B66B2}.Release|x64.Build.0 = Release|x64
		{4B15926C-455F-48A1-B150-4D2C363B66B2}.Release|x86.ActiveCfg = Release|Win32
		{4B15926C-455F-48A1-B150-4D2C363B66B2}.Release|x86.Build.0 = Release|Win32
		{C9959205-F2AF-4568-B55F-F8E4467696CD}.Debug|x64.ActiveCfg = Debug|x64
		{C9959205-F2AF-4568-B55F-F8E4467696CD}.Debug|x64.Build.0 = Debug|x64
		{C9959205-F2AF-4568-B55F-F8E4467696CD}.Debug|x86.ActiveCfg = Debug|Win32
		{C9959205-F2AF-4568-B55F-F8E4467696CD}.Debug|x86.Build.0 = Debug|Win32
		{C9959205-F2AF-4568-B55F-F8E4467696CD}.Release|x64.ActiveCfg = Release|x64
		{C9959205-F2AF-4568-B55F-F8E4467696CD}.Release|x64.Build.0 = Release|x64
		{C9959205-F2AF-4568-B55F-F8E4467696CD}.Release|x86.ActiveCfg = Release|Win32
		{C9959205-F2AF-4568-B55F-F8E4467696CD}.Release|x86.Build.0 = Release|Win32
		{CED92141-F54F-4EA2-BC3B-52580CA2F9A0}.Debug|x64.ActiveCfg = Debug|x64
		{CED92141-F54F-4EA2-BC3B-52580CA2F9A0}.Debug|x64.Build.0 = Debug|x64
		{CED92141-F54F-4EA2-BC3B-52580CA2F9A0}.Debug|x86.ActiveCfg = Debug|Win32
		{CED92141-F54F-4EA2-BC3B-52580CA2F9A0}.Debug|x86.Build.0 = Debug|Win32
		{CED92141-F54F-4EA2-BC3B-52580CA2F9A0}.Release|x64.ActiveCfg = Release|x64
		{CED92141-F54F-4EA2-BC3B-52580CA2F9A0}.Release|x64.Build.0 = Release|x64
		{CED92141-F54F-4EA2-BC3B-52580CA2F9A0}.Release|x86.ActiveCfg = Release|Win32
		{CED92141-F54F-4EA2-BC3B-52580CA2F9A0}.Release|x86.Build.0 = Release|Win32
		{9D7087CF-0C7A-4E56-AB83-5100949165EF}.Debug|x64.ActiveCfg = Debug|x64
		{9D7087CF-0C7A-4E56-AB83-5100949165EF}.Debug|x64.Build.0 = Debug|x64
		{9D7087CF-0C7A-4E56-AB83-5100949165EF}.Debug|x86.ActiveCfg = Debug|Win32
		{9D7087CF-0C7A-4E56-AB83-5100949165EF}.Debug|x86.Build.0 = Debug|Win32
		{9D7087CF-0C7A-4E56-AB83-5100949165EF}.Release|x64.ActiveCfg = Release|x64
		{9D7087CF-0C7A-4E56-AB83-5100949165EF}.Release|x64.Build.0 = Release|x64
		{9D7087CF-0C7A-4E56-AB83-5100949165EF}.Release|x86.ActiveCfg = Release|Win32
		{9D7087CF-0C7A-4E56-AB83-5100949165EF}.Release|x86.Build.0 = Release|Win32
		{E23EB3FF-5955-4115-8363-8FB6AF47B84C}.Debug|x64.ActiveCfg = Debug|x64
		{E23EB3FF-5955-4115-8363-8FB6AF47B84C}.Debug|x64.Build.0 = Debug|x64
		{E23EB3FF-5955-4115-8363-8FB6AF47B84C}.Debug|x86.ActiveCfg = Debug|Win32
		{E23EB3FF-5955-4115-8363-8FB6AF47B84C}.Debug|x86.Build.0 = Debug|Win32
		{E23EB3FF-5955-4115-8363-8FB6AF47B84C}.Release|x64.ActiveCfg = Release|x64
		{E23EB3FF-5955-4115-8363-8FB6AF47B84C}.Release|x64.Build.0 = Release|x64
		{E23EB3FF-5955-4115-8363-8FB6AF47B84C}.Release|x86.ActiveCfg = Release|Win32
		{E23EB3FF-5955-4115-8363-8FB6AF47B84C}.Release|x86.Build.0 = Release|Win32
		{F27014DF-483F-4678-926D-6962FA565DE6}.Debug|x64.ActiveCfg = Debug|x64
		{F27014DF-483F-4678-926D-6962FA565DE6}.Debug|x64.Build.0 = Debug|x64
		{F27014DF-483F-4678-926D-6962FA565DE6}.Debug|x86.ActiveCfg = Debug|Win32
		{F27014DF-483F-4678-926D-6962FA565DE6}.Debug|x86.Build.0 = Debug|Win32
		{F27014DF-483F-4678-926D-6962FA565DE6}.Release|x64.ActiveCfg = Release|x64
		{F27014DF-483F-4678-926D-6962FA565DE6}.Release|x64.Build.0 = Release|x64
		{F27014DF-483F-4678-926D-6962FA565DE6}.Release|x86.ActiveCfg = Release|Win32
		{F27014DF-483F-4678-926D-6962FA565DE6}.Release|x86.Build.0 = Release|Win32
		{461D6CE0-028E-4EB4-9DE2-89D4B7BA3210}.Debug|x64.ActiveCfg = Debug|x64
		{461D6CE0-028E-4EB4-9DE2-89D4B7BA3210}.Debug|x64.Build.0 = Debug|x64
		{461D6CE0-028E-4EB4-9DE2-89D4B7BA3210}.Debug|x86.ActiveCfg = Debug|Win32
		{461D6CE0-028E-4EB4-9DE2-89D4B7BA3210}.Debug|x86.Build.0 = Debug|Win32
		{461D6CE0-028E-4EB4-9DE2-89D4B7BA3210}.Release|x64.ActiveCfg = Release|x64
		{461D6CE0-028E-4EB4-9DE2-89D4B7BA3210}.Release|x64.Build.0 = Release|x64
		{461D6CE0-028E-4EB4-9DE2-89D4B7BA3210}.Release|x86.ActiveCfg = Release|Win32
		{461D6CE0-028E-4EB4-9DE2-89D4B7BA3210}.Release|x86.Build.0 = Release|Win32
		{AD018DC8-D767-467B-865A-6B72792CB357}.Debug|x64.ActiveCfg = Debug|x64
		{AD018DC8-D767-467B-865A-6B72792CB357}.Debug|x64.Build.0 = Debug|x64
		{AD018DC8-D767-467B-865A-6B72792CB357}.Debug|x86.ActiveCfg = Debug|Win32
		{AD018DC8-D767-467B-865A-6B72792CB357}.Debug|x86.Build.0 = Debug|Win32
		{AD018DC8-D767-467B-865A-6B72792CB357}.Release|x64.ActiveCfg = Release|x64
		{AD018DC8-D767-467B-865A-6B72792CB357}.Release|x64.Build.0 = Release|x64
		{AD018DC8-D767-467B-865A-6B72792CB357}.Release|x86.ActiveCfg = Release|Win32
		{AD018DC8-D767-467B-865A-6B72792CB357}.Release|x86.Build.0 = Release|Win32
		{925D4B7A-58B3-4E30-9237-24C27F45E720}.Debug|x64.ActiveCfg = Debug|x64
		{925D4B7A-58B3-4E30-9237-24C27F45E720}.Debug|x64.Build.0 = Debug|x64
		{925D4B7A-58B3-4E30-9237-24C27F45E720}.Debug|x86.ActiveCfg = Debug|Win32
		{925D4B7A-58B3-4E30-9237-24C27F45E720}.Debug|x86.Build.0 = Debug|Win32
		{925D4B7A-58B3-4E30-9237-24C27F45E720}.Release|x64.ActiveCfg = Release|x64
		{925D4B7A-58B3-4E30-9237-24C27F45E720}.Release|x64.Build.0 = Release|x64
		{925D4B7A-58B3-4E30-9237-24C27F45E720}.Release|x86.ActiveCfg = Release|Win32
		{925D4B7A-58B3-4E30-9237-24C27F45E720}.Release|x86.Build.0 = Release|Win32
		{62266008-0CE4-4273-AB2F-AE103F3D1AC6}.Debug|x64.ActiveCfg = Debug|x64
		{62266008-0CE4-4273-AB2F-AE103F3D1AC6}.Debug|x64.Build.0 = Debug|x64
		{62266008-0CE4-4273-AB2F-AE103F3D1AC6}.Debug|x86.ActiveCfg = Debug|Win32
		{62266008-0CE4-4273-AB2F-AE103F3D1AC6}.Debug|x86.Build.0 = Debug|Win32
		{62266008-0CE4-4273-AB2F-AE103F3D1AC6}.Release|x64.ActiveCfg = Release|x64
		{62266008-0CE4-4273-AB2F-AE103F3D1AC6}.Release|x64.Build.0 = Release|x64
		{62266008-0CE4-4273-AB2F-AE103F3D1AC6}.Release|x86.ActiveCfg = Release|Win32
		{62266008-0CE4-4273-AB2F-AE103F3D1AC6}.Release|x86.Build.0 = Release|Win32
		{D663C3C0-9A2E-4EC7-AF62-16CB13BBF373}.Debug|x64.ActiveCfg = Debug|x64
		{D663C3C0-9A2E-4EC7-AF62-16CB13BBF373}.Debug|x64.Build.0 = Debug|x64
		{D663C3C0-9A2E-4EC7-AF62-16CB13BBF373}.Debug|x86.ActiveCfg = Debug|Win32
		{D663C3C0-9A2E-4EC7-AF62-16CB13BBF373}.Debug|x86.Build.0 = Debug|Win32
		{D663C3C0-9A2E-4EC7-AF62-16CB13BBF373}.Release|x64.ActiveCfg = Release|x64
		{D663C3C0-9A2E-4EC7-AF62-16CB13BBF373}.Release|x64.Build.0 = Release|x64
		{D663C3C0-9A2E-4EC7-AF62-16CB13BBF373}.Release|x86.ActiveCfg = Release|Win32
		{D663C3C0-9A2E-4EC7-AF62-16CB13BBF373}.Release|x86.Build.0 = Release|Win32
		{AC8C2695-03D2-40B2-98AF-2DA2FACF6652}.Debug|x64.ActiveCfg = Debug|x64
		{AC8C2695-03D2-40B2-98AF-2DA2FACF6652}.Debug|x64.Build.0 = Debug|x64
		{AC8C2695-03D2-40B2-98AF-2DA2FACF6652}.Debug|x86.ActiveCfg = Debug|Win32
		{AC8C2695-03D2-40B2-98AF-2DA2FACF6652}.Debug|x86.Build.0 = Debug|Win32
		{AC8C2695-03D2-40B2-98AF-2DA2FACF6652}.Release|x64.ActiveCfg = Release|x64
		{AC8C2695-03D2-40B2-98AF-2DA2FACF6652}.Release|x64.Build.0 = Release|x64
		{AC8C2695-03D2-40B2-98AF-2DA2FACF6652}.Release|x86.ActiveCfg = Release|Win32
		{AC8C2695-03D2-40B2-98AF-2DA2FACF6652}.Release|x86.Build.0 = Release|Win32
		{291D7E0A-235F-49CC-B3D2-E155DA66725C}.Debug|x64.ActiveCfg = Debug|x64
		{291D7E0A-235F-49CC-B3D2-E155DA66725C}.Debug|x64.Build.0 = Debug|x64
		{291D7E0A-235F-49CC-B3D2-E155DA66725C}.Debug|x86.ActiveCfg = Debug|Win32
		{291D7E0A-235F-49CC-B3D2-E155DA66725C}.Debug|x86.Build.0 = Debug|Win32
		{291D7E0A-235F-49CC-B3D2-E155DA66725C}.Release|x64.ActiveCfg = Release|x64
		{291D7E0A-235F-49CC-B3D2-E155DA66725C}.Release|x64.Build.0 = Release|x64
		{291D7E0A-235F-49CC-B3D2-E155DA66725C}.Release|x86.ActiveCfg = Release|Win32
		{291D7E0A-235F-49CC-B3D2-E155DA66725C}.Release|x86.Build.0 = Release|Win32
	EndGlobalSection
	GlobalSection(SolutionProperties) = preSolution
		HideSolutionNode = FALSE
	EndGlobalSection
	GlobalSection(ExtensibilityGlobals) = postSolution
		SolutionGuid = {D17336F5-B80D-4BAB-B9E9-07FD112044BF}
	EndGlobalSection
EndGlobal
